
Microsoft Visual Studio Solution File, Format Version 12.00
# Visual Studio Version 17
VisualStudioVersion = 17.0.31903.59
MinimumVisualStudioVersion = 10.0.40219.1
Project("{2150E333-8FDC-42A3-9474-1A3956D46DE8}") = "source", "source", "{81A5AEA8-5F92-48A6-9801-AB480364C132}"
	ProjectSection(SolutionItems) = preProject
		source\Directory.Build.props = source\Directory.Build.props
	EndProjectSection
EndProject
Project("{9A19103F-16F7-4668-BE54-9A1E7A4F7556}") = "Aristurtle.ParticleEngine", "source\Aristurtle.ParticleEngine\Aristurtle.ParticleEngine.csproj", "{AE372E79-4950-4E7E-8C23-98DB0381907A}"
EndProject
Project("{2150E333-8FDC-42A3-9474-1A3956D46DE8}") = "tests", "tests", "{5BC54C91-FE8F-4A4E-8BEB-AB8CDB60D819}"
	ProjectSection(SolutionItems) = preProject
		tests\Directory.Build.props = tests\Directory.Build.props
	EndProjectSection
EndProject
Project("{9A19103F-16F7-4668-BE54-9A1E7A4F7556}") = "Aristurtle.ParticleEngine.Tests", "tests\Aristurtle.ParticleEngine.Tests\Aristurtle.ParticleEngine.Tests.csproj", "{3727D2BA-1236-4F99-B52D-6CB90735E401}"
EndProject
Project("{2150E333-8FDC-42A3-9474-1A3956D46DE8}") = "samples", "samples", "{841D7515-CA6D-47E4-BDB0-B3D127341A70}"
	ProjectSection(SolutionItems) = preProject
		samples\Directory.Build.props = samples\Directory.Build.props
	EndProjectSection
EndProject
Project("{2150E333-8FDC-42A3-9474-1A3956D46DE8}") = "MonoGame", "MonoGame", "{CF570067-7A69-4D00-B233-197DDA8B4413}"
EndProject
Project("{9A19103F-16F7-4668-BE54-9A1E7A4F7556}") = "Aristurtle.ParticleEngine.MonoGame.Sample", "samples\MonoGame\Aristurtle.ParticleEngine.MonoGame.Sample.csproj", "{E796A812-C077-4FE2-A5C6-35ED6307E6DF}"
EndProject
Project("{2150E333-8FDC-42A3-9474-1A3956D46DE8}") = "_root", "_root", "{636A2FFD-57FD-4A3E-8A2D-19D0E0A16176}"
	ProjectSection(SolutionItems) = preProject
		.editorconfig = .editorconfig
		.gitattributes = .gitattributes
		.gitignore = .gitignore
		Directory.Build.props = Directory.Build.props
		LICENSE = LICENSE
		README.md = README.md
	EndProjectSection
EndProject
Global
	GlobalSection(SolutionConfigurationPlatforms) = preSolution
		Debug|Any CPU = Debug|Any CPU
		Release|Any CPU = Release|Any CPU
	EndGlobalSection
	GlobalSection(ProjectConfigurationPlatforms) = postSolution
		{AE372E79-4950-4E7E-8C23-98DB0381907A}.Debug|Any CPU.ActiveCfg = Debug|Any CPU
		{AE372E79-4950-4E7E-8C23-98DB0381907A}.Debug|Any CPU.Build.0 = Debug|Any CPU
		{AE372E79-4950-4E7E-8C23-98DB0381907A}.Release|Any CPU.ActiveCfg = Release|Any CPU
		{AE372E79-4950-4E7E-8C23-98DB0381907A}.Release|Any CPU.Build.0 = Release|Any CPU
		{3727D2BA-1236-4F99-B52D-6CB90735E401}.Debug|Any CPU.ActiveCfg = Debug|Any CPU
		{3727D2BA-1236-4F99-B52D-6CB90735E401}.Debug|Any CPU.Build.0 = Debug|Any CPU
		{3727D2BA-1236-4F99-B52D-6CB90735E401}.Release|Any CPU.ActiveCfg = Release|Any CPU
		{3727D2BA-1236-4F99-B52D-6CB90735E401}.Release|Any CPU.Build.0 = Release|Any CPU
		{E796A812-C077-4FE2-A5C6-35ED6307E6DF}.Debug|Any CPU.ActiveCfg = Debug|Any CPU
		{E796A812-C077-4FE2-A5C6-35ED6307E6DF}.Debug|Any CPU.Build.0 = Debug|Any CPU
		{E796A812-C077-4FE2-A5C6-35ED6307E6DF}.Release|Any CPU.ActiveCfg = Release|Any CPU
		{E796A812-C077-4FE2-A5C6-35ED6307E6DF}.Release|Any CPU.Build.0 = Release|Any CPU
	EndGlobalSection
	GlobalSection(SolutionProperties) = preSolution
		HideSolutionNode = FALSE
	EndGlobalSection
	GlobalSection(NestedProjects) = preSolution
		{AE372E79-4950-4E7E-8C23-98DB0381907A} = {81A5AEA8-5F92-48A6-9801-AB480364C132}
		{3727D2BA-1236-4F99-B52D-6CB90735E401} = {5BC54C91-FE8F-4A4E-8BEB-AB8CDB60D819}
		{CF570067-7A69-4D00-B233-197DDA8B4413} = {841D7515-CA6D-47E4-BDB0-B3D127341A70}
		{E796A812-C077-4FE2-A5C6-35ED6307E6DF} = {CF570067-7A69-4D00-B233-197DDA8B4413}
	EndGlobalSection
	GlobalSection(ExtensibilityGlobals) = postSolution
		SolutionGuid = {43A8AC31-AA35-48F9-BB60-AA803A128D49}
	EndGlobalSection
EndGlobal
